
Microsoft Visual Studio Solution File, Format Version 11.00
# Visual Studio 2010
Project("{FAE04EC0-301F-11D3-BF4B-00C04F79EFBC}") = "Assembly-CSharp", "Assembly-CSharp.csproj", "{D85800E4-F724-5EF0-1A74-09D162D1DC27}"
EndProject
Project("{FAE04EC0-301F-11D3-BF4B-00C04F79EFBC}") = "Substance.Platform", "Substance.Platform.csproj", "{6610BF43-0AD7-A061-65CA-4203206AB2E5}"
EndProject
Global
	GlobalSection(SolutionConfigurationPlatforms) = preSolution
		Debug|Any CPU = Debug|Any CPU
		Release|Any CPU = Release|Any CPU
	EndGlobalSection
	GlobalSection(ProjectConfigurationPlatforms) = postSolution
		{D85800E4-F724-5EF0-1A74-09D162D1DC27}.Debug|Any CPU.ActiveCfg = Debug|Any CPU
		{D85800E4-F724-5EF0-1A74-09D162D1DC27}.Debug|Any CPU.Build.0 = Debug|Any CPU
		{D85800E4-F724-5EF0-1A74-09D162D1DC27}.Release|Any CPU.ActiveCfg = Release|Any CPU
		{D85800E4-F724-5EF0-1A74-09D162D1DC27}.Release|Any CPU.Build.0 = Release|Any CPU
		{6610BF43-0AD7-A061-65CA-4203206AB2E5}.Debug|Any CPU.ActiveCfg = Debug|Any CPU
		{6610BF43-0AD7-A061-65CA-4203206AB2E5}.Debug|Any CPU.Build.0 = Debug|Any CPU
		{6610BF43-0AD7-A061-65CA-4203206AB2E5}.Release|Any CPU.ActiveCfg = Release|Any CPU
		{6610BF43-0AD7-A061-65CA-4203206AB2E5}.Release|Any CPU.Build.0 = Release|Any CPU
	EndGlobalSection
	GlobalSection(SolutionProperties) = preSolution
		HideSolutionNode = FALSE
	EndGlobalSection
EndGlobal
